{
  "requires": true,
  "lockfileVersion": 1,
  "dependencies": {
    "@sqltools/formatter": {
      "version": "1.2.3",
      "resolved": "https://registry.npmmirror.com/@sqltools/formatter/-/formatter-1.2.3.tgz",
      "dev": true
    },
    "ansi-regex": {
      "version": "5.0.1",
      "resolved": "https://registry.npmmirror.com/ansi-regex/-/ansi-regex-5.0.1.tgz",
      "dev": true
    },
    "ansi-styles": {
      "version": "4.3.0",
      "resolved": "https://registry.npmmirror.com/ansi-styles/-/ansi-styles-4.3.0.tgz",
      "dev": true,
      "requires": {
        "color-convert": "^2.0.1"
      },
      "dependencies": {
        "color-convert": {
          "version": "https://registry.npmmirror.com/color-convert/-/color-convert-2.0.1.tgz"
        }
      }
    },
    "any-promise": {
      "version": "1.3.0",
      "resolved": "https://registry.npmmirror.com/any-promise/-/any-promise-1.3.0.tgz",
      "dev": true
    },
    "app-root-path": {
      "version": "3.0.0",
      "resolved": "https://registry.npmmirror.com/app-root-path/-/app-root-path-3.0.0.tgz",
      "dev": true
    },
    "argparse": {
      "version": "2.0.1",
      "resolved": "https://registry.npmmirror.com/argparse/-/argparse-2.0.1.tgz",
      "dev": true
    },
    "balanced-match": {
      "version": "1.0.2",
      "resolved": "https://registry.npmmirror.com/balanced-match/-/balanced-match-1.0.2.tgz",
      "dev": true
    },
    "base64-js": {
      "version": "1.5.1",
      "resolved": "https://registry.npmmirror.com/base64-js/-/base64-js-1.5.1.tgz",
      "dev": true
    },
    "brace-expansion": {
      "version": "1.1.11",
      "resolved": "https://registry.npmmirror.com/brace-expansion/-/brace-expansion-1.1.11.tgz",
      "dev": true,
      "requires": {
        "balanced-match": "^1.0.0",
        "concat-map": "0.0.1"
      },
      "dependencies": {
        "balanced-match": {
          "version": "https://registry.npmmirror.com/balanced-match/-/balanced-match-1.0.2.tgz"
        },
        "concat-map": {
          "version": "https://registry.npmmirror.com/concat-map/-/concat-map-0.0.1.tgz"
        }
      }
    },
    "buffer": {
      "version": "6.0.3",
      "resolved": "https://registry.npmmirror.com/buffer/-/buffer-6.0.3.tgz",
      "dev": true,
      "requires": {
        "base64-js": "^1.3.1",
        "ieee754": "^1.2.1"
      },
      "dependencies": {
        "base64-js": {
          "version": "https://registry.npmmirror.com/base64-js/-/base64-js-1.5.1.tgz"
        },
        "ieee754": {
          "version": "https://registry.npmmirror.com/ieee754/-/ieee754-1.2.1.tgz"
        }
      }
    },
    "chalk": {
      "version": "4.1.2",
      "resolved": "https://registry.npmmirror.com/chalk/-/chalk-4.1.2.tgz",
      "dev": true,
      "requires": {
        "ansi-styles": "^4.1.0",
        "supports-color": "^7.1.0"
      },
      "dependencies": {
        "ansi-styles": {
          "version": "https://registry.npmmirror.com/ansi-styles/-/ansi-styles-4.3.0.tgz",
          "dependencies": {
            "color-convert": {
              "version": "https://registry.npmmirror.com/color-convert/-/color-convert-2.0.1.tgz"
            }
          }
        },
        "supports-color": {
          "version": "https://registry.npmmirror.com/supports-color/-/supports-color-7.2.0.tgz"
        }
      }
    },
    "cli-highlight": {
      "version": "2.1.11",
      "resolved": "https://registry.npmmirror.com/cli-highlight/-/cli-highlight-2.1.11.tgz",
      "dev": true,
      "requires": {
        "chalk": "^4.0.0",
        "highlight.js": "^10.7.1",
        "mz": "^2.4.0",
        "parse5": "^5.1.1",
        "parse5-htmlparser2-tree-adapter": "^6.0.0",
        "yargs": "^16.0.0"
      },
      "dependencies": {
        "chalk": {
          "version": "https://registry.npmmirror.com/chalk/-/chalk-4.1.2.tgz",
          "dependencies": {
            "ansi-styles": {
              "version": "https://registry.npmmirror.com/ansi-styles/-/ansi-styles-4.3.0.tgz",
              "dependencies": {}
            },
            "supports-color": {
              "version": "https://registry.npmmirror.com/supports-color/-/supports-color-7.2.0.tgz"
            }
          }
        },
        "highlight.js": {
          "version": "https://registry.npmmirror.com/highlight.js/-/highlight.js-10.7.3.tgz"
        },
        "mz": {
          "version": "https://registry.npmmirror.com/mz/-/mz-2.7.0.tgz"
        },
        "parse5": {
          "version": "5.1.1",
          "resolved": "https://registry.npmmirror.com/parse5/-/parse5-5.1.1.tgz",
          "integrity": "sha512-ugq4DFI0Ptb+WWjAdOK16+u/nHfiIrcE+sh8kZMaM0WllQKLI9rOUq6c2b7cwPkXdzfQESqvoqK6ug7U/Yyzug==",
          "dev": true
        },
        "parse5-htmlparser2-tree-adapter": {
          "version": "https://registry.npmmirror.com/parse5-htmlparser2-tree-adapter/-/parse5-htmlparser2-tree-adapter-6.0.1.tgz"
        },
        "yargs": {
          "version": "16.2.0",
          "resolved": "https://registry.npmmirror.com/yargs/-/yargs-16.2.0.tgz",
          "integrity": "sha512-D1mvvtDG0L5ft/jGWkLpG1+m0eQxOfaBvTNELraWj22wSVUMWxZUvYgJYcKh6jGGIkJFhH4IZPQhR4TKpc8mBw==",
          "dev": true,
          "requires": {
            "cliui": "^7.0.2",
            "escalade": "^3.1.1",
            "get-caller-file": "^2.0.5",
            "require-directory": "^2.1.1",
            "string-width": "^4.2.0",
            "y18n": "^5.0.5",
            "yargs-parser": "^20.2.2"
          }
        },
        "yargs-parser": {
          "version": "20.2.9",
          "resolved": "https://registry.npmmirror.com/yargs-parser/-/yargs-parser-20.2.9.tgz",
          "integrity": "sha512-y11nGElTIV+CT3Zv9t7VKl+Q3hTQoT9a1Qzezhhl6Rp21gJ/IVTW7Z3y9EWXhuUBC2Shnf+DX0antecpAwSP8w==",
          "dev": true
        }
      }
    },
    "cliui": {
      "version": "7.0.4",
      "resolved": "https://registry.npmmirror.com/cliui/-/cliui-7.0.4.tgz",
      "dev": true,
      "requires": {
        "string-width": "^4.2.0",
        "strip-ansi": "^6.0.0",
        "wrap-ansi": "^7.0.0"
      },
      "dependencies": {
        "string-width": {
          "version": "https://registry.npmmirror.com/string-width/-/string-width-4.2.3.tgz"
        },
        "strip-ansi": {
          "version": "https://registry.npmmirror.com/strip-ansi/-/strip-ansi-6.0.1.tgz",
          "dependencies": {
            "ansi-regex": {
              "version": "https://registry.npmmirror.com/ansi-regex/-/ansi-regex-5.0.1.tgz"
            }
          }
        },
        "wrap-ansi": {
          "version": "https://registry.npmmirror.com/wrap-ansi/-/wrap-ansi-7.0.0.tgz"
        }
      }
    },
    "color-convert": {
      "version": "2.0.1",
      "resolved": "https://registry.npmmirror.com/color-convert/-/color-convert-2.0.1.tgz",
      "dev": true,
      "requires": {
        "color-name": "~1.1.4"
      },
      "dependencies": {
        "color-name": {
          "version": "https://registry.npmmirror.com/color-name/-/color-name-1.1.4.tgz"
        }
      }
    },
    "color-name": {
      "version": "1.1.4",
      "resolved": "https://registry.npmmirror.com/color-name/-/color-name-1.1.4.tgz",
      "dev": true
    },
    "concat-map": {
      "version": "0.0.1",
      "resolved": "https://registry.npmmirror.com/concat-map/-/concat-map-0.0.1.tgz",
      "dev": true
    },
    "date-fns": {
      "version": "2.28.0",
      "resolved": "https://registry.npmmirror.com/date-fns/-/date-fns-2.28.0.tgz",
      "dev": true
    },
    "debug": {
      "version": "4.3.4",
      "resolved": "https://registry.npmmirror.com/debug/-/debug-4.3.4.tgz",
      "dev": true,
      "requires": {
        "ms": "2.1.2"
      },
      "dependencies": {
        "ms": {
          "version": "https://registry.npmmirror.com/ms/-/ms-2.1.2.tgz"
        }
      }
    },
    "dotenv": {
      "version": "16.0.1",
      "resolved": "https://registry.npmmirror.com/dotenv/-/dotenv-16.0.1.tgz",
      "dev": true
    },
    "emoji-regex": {
      "version": "8.0.0",
      "resolved": "https://registry.npmmirror.com/emoji-regex/-/emoji-regex-8.0.0.tgz",
      "dev": true
    },
    "escalade": {
      "version": "3.1.1",
      "resolved": "https://registry.npmmirror.com/escalade/-/escalade-3.1.1.tgz",
      "dev": true
    },
    "fs.realpath": {
      "version": "1.0.0",
      "resolved": "https://registry.npmmirror.com/fs.realpath/-/fs.realpath-1.0.0.tgz",
      "dev": true
    },
    "get-caller-file": {
      "version": "2.0.5",
      "resolved": "https://registry.npmmirror.com/get-caller-file/-/get-caller-file-2.0.5.tgz",
      "dev": true
    },
    "glob": {
      "version": "7.2.3",
      "resolved": "https://registry.npmmirror.com/glob/-/glob-7.2.3.tgz",
      "dev": true,
      "requires": {
        "fs.realpath": "^1.0.0",
        "inflight": "^1.0.4",
        "inherits": "2",
        "minimatch": "^3.1.1",
        "once": "^1.3.0",
        "path-is-absolute": "^1.0.0"
      },
      "dependencies": {
        "fs.realpath": {
          "version": "https://registry.npmmirror.com/fs.realpath/-/fs.realpath-1.0.0.tgz"
        },
        "inflight": {
          "version": "https://registry.npmmirror.com/inflight/-/inflight-1.0.6.tgz"
        },
        "inherits": {
          "version": "https://registry.npmmirror.com/inherits/-/inherits-2.0.4.tgz"
        },
        "minimatch": {
          "version": "https://registry.npmmirror.com/minimatch/-/minimatch-3.1.2.tgz"
        },
        "once": {
          "version": "https://registry.npmmirror.com/once/-/once-1.4.0.tgz",
          "dependencies": {
            "wrappy": {
              "version": "https://registry.npmmirror.com/wrappy/-/wrappy-1.0.2.tgz"
            }
          }
        },
        "path-is-absolute": {
          "version": "https://registry.npmmirror.com/path-is-absolute/-/path-is-absolute-1.0.1.tgz"
        }
      }
    },
    "has-flag": {
      "version": "4.0.0",
      "resolved": "https://registry.npmmirror.com/has-flag/-/has-flag-4.0.0.tgz",
      "dev": true
    },
    "highlight.js": {
      "version": "10.7.3",
      "resolved": "https://registry.npmmirror.com/highlight.js/-/highlight.js-10.7.3.tgz",
      "dev": true
    },
    "ieee754": {
      "version": "1.2.1",
      "resolved": "https://registry.npmmirror.com/ieee754/-/ieee754-1.2.1.tgz",
      "dev": true
    },
    "inflight": {
      "version": "1.0.6",
      "resolved": "https://registry.npmmirror.com/inflight/-/inflight-1.0.6.tgz",
      "dev": true,
      "requires": {
        "once": "^1.3.0",
        "wrappy": "1"
      },
      "dependencies": {
        "once": {
          "version": "https://registry.npmmirror.com/once/-/once-1.4.0.tgz"
        },
        "wrappy": {
          "version": "https://registry.npmmirror.com/wrappy/-/wrappy-1.0.2.tgz"
        }
      }
    },
    "inherits": {
      "version": "2.0.4",
      "resolved": "https://registry.npmmirror.com/inherits/-/inherits-2.0.4.tgz",
      "dev": true
    },
    "is-fullwidth-code-point": {
      "version": "3.0.0",
      "resolved": "https://registry.npmmirror.com/is-fullwidth-code-point/-/is-fullwidth-code-point-3.0.0.tgz",
      "dev": true
    },
    "js-yaml": {
      "version": "4.1.0",
      "resolved": "https://registry.npmmirror.com/js-yaml/-/js-yaml-4.1.0.tgz",
      "dev": true,
      "requires": {
        "argparse": "^2.0.1"
      },
      "dependencies": {
        "argparse": {
          "version": "https://registry.npmmirror.com/argparse/-/argparse-2.0.1.tgz"
        }
      }
    },
    "minimatch": {
      "version": "3.1.2",
      "resolved": "https://registry.npmmirror.com/minimatch/-/minimatch-3.1.2.tgz",
      "dev": true,
      "requires": {
        "brace-expansion": "^1.1.7"
      },
      "dependencies": {
        "brace-expansion": {
          "version": "https://registry.npmmirror.com/brace-expansion/-/brace-expansion-1.1.11.tgz"
        }
      }
    },
    "mkdirp": {
      "version": "1.0.4",
      "resolved": "https://registry.npmmirror.com/mkdirp/-/mkdirp-1.0.4.tgz",
      "dev": true
    },
    "ms": {
      "version": "2.1.2",
      "resolved": "https://registry.npmmirror.com/ms/-/ms-2.1.2.tgz",
      "dev": true
    },
    "mz": {
      "version": "2.7.0",
      "resolved": "https://registry.npmmirror.com/mz/-/mz-2.7.0.tgz",
      "dev": true,
      "requires": {
        "any-promise": "^1.0.0",
        "object-assign": "^4.0.1",
        "thenify-all": "^1.0.0"
      },
      "dependencies": {
        "any-promise": {
          "version": "https://registry.npmmirror.com/any-promise/-/any-promise-1.3.0.tgz"
        },
        "object-assign": {
          "version": "https://registry.npmmirror.com/object-assign/-/object-assign-4.1.1.tgz"
        },
        "thenify-all": {
          "version": "https://registry.npmmirror.com/thenify-all/-/thenify-all-1.6.0.tgz"
        }
      }
    },
    "object-assign": {
      "version": "4.1.1",
      "resolved": "https://registry.npmmirror.com/object-assign/-/object-assign-4.1.1.tgz",
      "dev": true
    },
    "once": {
      "version": "1.4.0",
      "resolved": "https://registry.npmmirror.com/once/-/once-1.4.0.tgz",
      "dev": true,
      "requires": {
        "wrappy": "1"
      },
      "dependencies": {
        "wrappy": {
          "version": "https://registry.npmmirror.com/wrappy/-/wrappy-1.0.2.tgz"
        }
      }
    },
    "parse5": {
      "version": "6.0.1",
      "resolved": "https://registry.npmmirror.com/parse5/-/parse5-6.0.1.tgz",
      "dev": true
    },
    "parse5-htmlparser2-tree-adapter": {
      "version": "6.0.1",
      "resolved": "https://registry.npmmirror.com/parse5-htmlparser2-tree-adapter/-/parse5-htmlparser2-tree-adapter-6.0.1.tgz",
      "dev": true,
      "requires": {
        "parse5": "^6.0.1"
      },
      "dependencies": {
        "parse5": {
          "version": "https://registry.npmmirror.com/parse5/-/parse5-6.0.1.tgz"
        }
      }
    },
    "path-is-absolute": {
      "version": "1.0.1",
      "resolved": "https://registry.npmmirror.com/path-is-absolute/-/path-is-absolute-1.0.1.tgz",
      "dev": true
    },
    "reflect-metadata": {
      "version": "0.1.13",
      "resolved": "https://registry.npmmirror.com/reflect-metadata/-/reflect-metadata-0.1.13.tgz",
      "dev": true
    },
    "require-directory": {
      "version": "2.1.1",
      "resolved": "https://registry.npmmirror.com/require-directory/-/require-directory-2.1.1.tgz",
      "dev": true
    },
    "safe-buffer": {
      "version": "5.2.1",
      "resolved": "https://registry.npmmirror.com/safe-buffer/-/safe-buffer-5.2.1.tgz",
      "dev": true
    },
    "sax": {
      "version": "1.2.4",
      "resolved": "https://registry.npmmirror.com/sax/-/sax-1.2.4.tgz",
      "dev": true
    },
    "sha.js": {
      "version": "2.4.11",
      "resolved": "https://registry.npmmirror.com/sha.js/-/sha.js-2.4.11.tgz",
      "dev": true,
      "requires": {
        "inherits": "^2.0.1",
        "safe-buffer": "^5.0.1"
      },
      "dependencies": {
        "inherits": {
          "version": "https://registry.npmmirror.com/inherits/-/inherits-2.0.4.tgz"
        },
        "safe-buffer": {
          "version": "https://registry.npmmirror.com/safe-buffer/-/safe-buffer-5.2.1.tgz"
        }
      }
    },
    "string-width": {
      "version": "4.2.3",
      "resolved": "https://registry.npmmirror.com/string-width/-/string-width-4.2.3.tgz",
      "dev": true,
      "requires": {
        "emoji-regex": "^8.0.0",
        "is-fullwidth-code-point": "^3.0.0",
        "strip-ansi": "^6.0.1"
      },
      "dependencies": {
        "emoji-regex": {
          "version": "https://registry.npmmirror.com/emoji-regex/-/emoji-regex-8.0.0.tgz"
        },
        "is-fullwidth-code-point": {
          "version": "https://registry.npmmirror.com/is-fullwidth-code-point/-/is-fullwidth-code-point-3.0.0.tgz"
        },
        "strip-ansi": {
          "version": "https://registry.npmmirror.com/strip-ansi/-/strip-ansi-6.0.1.tgz"
        }
      }
    },
    "strip-ansi": {
      "version": "6.0.1",
      "resolved": "https://registry.npmmirror.com/strip-ansi/-/strip-ansi-6.0.1.tgz",
      "dev": true,
      "requires": {
        "ansi-regex": "^5.0.1"
      },
      "dependencies": {
        "ansi-regex": {
          "version": "https://registry.npmmirror.com/ansi-regex/-/ansi-regex-5.0.1.tgz"
        }
      }
    },
    "supports-color": {
      "version": "7.2.0",
      "resolved": "https://registry.npmmirror.com/supports-color/-/supports-color-7.2.0.tgz",
      "dev": true,
      "requires": {
        "has-flag": "^4.0.0"
      },
      "dependencies": {
        "has-flag": {
          "version": "https://registry.npmmirror.com/has-flag/-/has-flag-4.0.0.tgz"
        }
      }
    },
    "thenify": {
      "version": "3.3.1",
      "resolved": "https://registry.npmmirror.com/thenify/-/thenify-3.3.1.tgz",
      "dev": true,
      "requires": {
        "any-promise": "^1.0.0"
      },
      "dependencies": {
        "any-promise": {
          "version": "https://registry.npmmirror.com/any-promise/-/any-promise-1.3.0.tgz"
        }
      }
    },
    "thenify-all": {
      "version": "1.6.0",
      "resolved": "https://registry.npmmirror.com/thenify-all/-/thenify-all-1.6.0.tgz",
      "dev": true,
      "requires": {
        "thenify": ">= 3.1.0 < 4"
      },
      "dependencies": {
        "thenify": {
          "version": "https://registry.npmmirror.com/thenify/-/thenify-3.3.1.tgz"
        }
      }
    },
    "tslib": {
      "version": "2.4.0",
      "resolved": "https://registry.npmmirror.com/tslib/-/tslib-2.4.0.tgz",
      "dev": true
    },
    "typeorm": {
      "version": "0.3.6",
      "resolved": "https://registry.npmmirror.com/typeorm/-/typeorm-0.3.6.tgz",
      "integrity": "sha512-DRqgfqcelMiGgWSMbBmVoJNFN2nPNA3EeY2gC324ndr2DZoGRTb9ILtp2oGVGnlA+cu5zgQ6it5oqKFNkte7Aw==",
      "dev": true,
      "requires": {
        "@sqltools/formatter": "^1.2.2",
        "app-root-path": "^3.0.0",
        "buffer": "^6.0.3",
        "chalk": "^4.1.0",
        "cli-highlight": "^2.1.11",
        "date-fns": "^2.28.0",
        "debug": "^4.3.3",
        "dotenv": "^16.0.0",
        "glob": "^7.2.0",
        "js-yaml": "^4.1.0",
        "mkdirp": "^1.0.4",
        "reflect-metadata": "^0.1.13",
        "sha.js": "^2.4.11",
        "tslib": "^2.3.1",
        "uuid": "^8.3.2",
        "xml2js": "^0.4.23",
        "yargs": "^17.3.1"
      }
    },
    "uuid": {
      "version": "8.3.2",
      "resolved": "https://registry.npmmirror.com/uuid/-/uuid-8.3.2.tgz",
      "dev": true
    },
    "wrap-ansi": {
      "version": "7.0.0",
      "resolved": "https://registry.npmmirror.com/wrap-ansi/-/wrap-ansi-7.0.0.tgz",
      "dev": true,
      "requires": {
        "ansi-styles": "^4.0.0",
        "string-width": "^4.1.0",
        "strip-ansi": "^6.0.0"
      },
      "dependencies": {
        "ansi-styles": {
          "version": "https://registry.npmmirror.com/ansi-styles/-/ansi-styles-4.3.0.tgz",
          "dependencies": {
            "color-convert": {
              "version": "https://registry.npmmirror.com/color-convert/-/color-convert-2.0.1.tgz"
            }
          }
        },
        "string-width": {
          "version": "https://registry.npmmirror.com/string-width/-/string-width-4.2.3.tgz",
          "dependencies": {
            "emoji-regex": {
              "version": "https://registry.npmmirror.com/emoji-regex/-/emoji-regex-8.0.0.tgz"
            },
            "is-fullwidth-code-point": {
              "version": "https://registry.npmmirror.com/is-fullwidth-code-point/-/is-fullwidth-code-point-3.0.0.tgz"
            },
            "strip-ansi": {
              "version": "https://registry.npmmirror.com/strip-ansi/-/strip-ansi-6.0.1.tgz"
            }
          }
        },
        "strip-ansi": {
          "version": "https://registry.npmmirror.com/strip-ansi/-/strip-ansi-6.0.1.tgz",
          "dependencies": {
            "ansi-regex": {
              "version": "https://registry.npmmirror.com/ansi-regex/-/ansi-regex-5.0.1.tgz"
            }
          }
        }
      }
    },
    "wrappy": {
      "version": "1.0.2",
      "resolved": "https://registry.npmmirror.com/wrappy/-/wrappy-1.0.2.tgz",
      "dev": true
    },
    "xml2js": {
      "version": "0.4.23",
      "resolved": "https://registry.npmmirror.com/xml2js/-/xml2js-0.4.23.tgz",
      "dev": true,
      "requires": {
        "sax": ">=0.6.0",
        "xmlbuilder": "~11.0.0"
      },
      "dependencies": {
        "sax": {
          "version": "https://registry.npmmirror.com/sax/-/sax-1.2.4.tgz"
        },
        "xmlbuilder": {
          "version": "https://registry.npmmirror.com/xmlbuilder/-/xmlbuilder-11.0.1.tgz"
        }
      }
    },
    "xmlbuilder": {
      "version": "11.0.1",
      "resolved": "https://registry.npmmirror.com/xmlbuilder/-/xmlbuilder-11.0.1.tgz",
      "dev": true
    },
    "y18n": {
      "version": "5.0.8",
      "resolved": "https://registry.npmmirror.com/y18n/-/y18n-5.0.8.tgz",
      "dev": true
    },
    "yargs": {
      "version": "17.5.1",
      "resolved": "https://registry.npmmirror.com/yargs/-/yargs-17.5.1.tgz",
      "dev": true,
      "requires": {
        "cliui": "^7.0.2",
        "escalade": "^3.1.1",
        "get-caller-file": "^2.0.5",
        "require-directory": "^2.1.1",
        "string-width": "^4.2.3",
        "y18n": "^5.0.5",
        "yargs-parser": "^21.0.0"
      },
      "dependencies": {
        "cliui": {
          "version": "https://registry.npmmirror.com/cliui/-/cliui-7.0.4.tgz",
          "dependencies": {
            "string-width": {
              "version": "https://registry.npmmirror.com/string-width/-/string-width-4.2.3.tgz"
            },
            "strip-ansi": {
              "version": "https://registry.npmmirror.com/strip-ansi/-/strip-ansi-6.0.1.tgz",
              "dependencies": {}
            },
            "wrap-ansi": {
              "version": "https://registry.npmmirror.com/wrap-ansi/-/wrap-ansi-7.0.0.tgz"
            }
          }
        },
        "escalade": {
          "version": "https://registry.npmmirror.com/escalade/-/escalade-3.1.1.tgz"
        },
        "get-caller-file": {
          "version": "https://registry.npmmirror.com/get-caller-file/-/get-caller-file-2.0.5.tgz"
        },
        "require-directory": {
          "version": "https://registry.npmmirror.com/require-directory/-/require-directory-2.1.1.tgz"
        },
        "string-width": {
          "version": "https://registry.npmmirror.com/string-width/-/string-width-4.2.3.tgz",
          "dependencies": {
            "emoji-regex": {
              "version": "https://registry.npmmirror.com/emoji-regex/-/emoji-regex-8.0.0.tgz"
            },
            "is-fullwidth-code-point": {
              "version": "https://registry.npmmirror.com/is-fullwidth-code-point/-/is-fullwidth-code-point-3.0.0.tgz"
            },
            "strip-ansi": {
              "version": "https://registry.npmmirror.com/strip-ansi/-/strip-ansi-6.0.1.tgz"
            }
          }
        },
        "y18n": {
          "version": "https://registry.npmmirror.com/y18n/-/y18n-5.0.8.tgz"
        },
        "yargs-parser": {
          "version": "https://registry.npmmirror.com/yargs-parser/-/yargs-parser-21.0.1.tgz"
        }
      }
    },
    "yargs-parser": {
      "version": "21.0.1",
      "resolved": "https://registry.npmmirror.com/yargs-parser/-/yargs-parser-21.0.1.tgz",
      "dev": true
    }
  }
}
